
Microsoft Visual Studio Solution File, Format Version 12.00
# Visual Studio Version 17
VisualStudioVersion = 17.3.32819.101
MinimumVisualStudioVersion = 10.0.40219.1
Project("{FAE04EC0-301F-11D3-BF4B-00C04F79EFBC}") = "FindTheOddInt", "FindTheOddInt\FindTheOddInt.csproj", "{16C2231A-FD78-45A9-AB0F-787E43749BDE}"
EndProject
Global
	GlobalSection(SolutionConfigurationPlatforms) = preSolution
		Debug|Any CPU = Debug|Any CPU
		Release|Any CPU = Release|Any CPU
	EndGlobalSection
	GlobalSection(ProjectConfigurationPlatforms) = postSolution
		{16C2231A-FD78-45A9-AB0F-787E43749BDE}.Debug|Any CPU.ActiveCfg = Debug|Any CPU
		{16C2231A-FD78-45A9-AB0F-787E43749BDE}.Debug|Any CPU.Build.0 = Debug|Any CPU
		{16C2231A-FD78-45A9-AB0F-787E43749BDE}.Release|Any CPU.ActiveCfg = Release|Any CPU
		{16C2231A-FD78-45A9-AB0F-787E43749BDE}.Release|Any CPU.Build.0 = Release|Any CPU
	EndGlobalSection
	GlobalSection(SolutionProperties) = preSolution
		HideSolutionNode = FALSE
	EndGlobalSection
	GlobalSection(ExtensibilityGlobals) = postSolution
		SolutionGuid = {F2054D58-C3A2-4893-A822-F55B44433991}
	EndGlobalSection
EndGlobal
